
Microsoft Visual Studio Solution File, Format Version 12.00
# Visual Studio 15
VisualStudioVersion = 15.0.26020.0
MinimumVisualStudioVersion = 10.0.40219.1
Project("{2150E333-8FDC-42A3-9474-1A3956D46DE8}") = "src", "src", "{491D7E3E-5B30-4AFB-ADF1-F878C0B1D158}"
EndProject
Project("{9A19103F-16F7-4668-BE54-9A1E7A4F7556}") = "AccessControl.Web", "src\AccessControl\AccessControl.Web.csproj", "{D12360D6-B949-4CAF-956E-D427941A9152}"
	ProjectSection(ProjectDependencies) = postProject
		{E85E7F3B-B86F-4700-8325-BF2D91112C70} = {E85E7F3B-B86F-4700-8325-BF2D91112C70}
		{D0C4C66F-F99A-4A16-BBCD-5F5544A71A94} = {D0C4C66F-F99A-4A16-BBCD-5F5544A71A94}
		{AC3A957F-9096-4887-9DBA-FEBF9986700F} = {AC3A957F-9096-4887-9DBA-FEBF9986700F}
		{52F6EDED-AC98-4DAB-80AB-B28CA37B0CA5} = {52F6EDED-AC98-4DAB-80AB-B28CA37B0CA5}
	EndProjectSection
EndProject
Project("{2150E333-8FDC-42A3-9474-1A3956D46DE8}") = "AccessControl", "AccessControl", "{D8805F44-52D0-4C48-9708-F1926FB52574}"
EndProject
Project("{2150E333-8FDC-42A3-9474-1A3956D46DE8}") = "Clients", "Clients", "{D1D6B305-0B50-4B4E-9427-693FC27AA13D}"
EndProject
Project("{2150E333-8FDC-42A3-9474-1A3956D46DE8}") = "Domain", "Domain", "{8F13A0D4-2B22-44AC-924F-0B045E1152E0}"
EndProject
Project("{9A19103F-16F7-4668-BE54-9A1E7A4F7556}") = "AccessControl.Domain", "src\AccessControl.Domain\AccessControl.Domain.csproj", "{9893A9F9-999E-494C-885F-EB60B82FBB4E}"
EndProject
Project("{9A19103F-16F7-4668-BE54-9A1E7A4F7556}") = "AccessControl.Domain.Services", "src\AccessControl.Domain.Services\AccessControl.Domain.Services.csproj", "{E4D15666-EDBC-4BAC-8240-28F04B9F11FD}"
EndProject
Project("{2150E333-8FDC-42A3-9474-1A3956D46DE8}") = "Infrastructure", "Infrastructure", "{7CC05226-DF93-4E68-A9D3-B2FB67052E40}"
EndProject
Project("{2150E333-8FDC-42A3-9474-1A3956D46DE8}") = "Shared", "Shared", "{3508CF1E-BB22-4271-A505-AFBD8D277A48}"
EndProject
Project("{9A19103F-16F7-4668-BE54-9A1E7A4F7556}") = "Shared.Domain.ValueObjects", "Shared.Domain.ValueObjects\Shared.Domain.ValueObjects.csproj", "{49A18646-8508-4A94-BB9F-9735A90B1079}"
EndProject
Project("{9A19103F-16F7-4668-BE54-9A1E7A4F7556}") = "AccessControl.Infrastructure", "src\AccessControl.Infrastructure\AccessControl.Infrastructure.csproj", "{E85E7F3B-B86F-4700-8325-BF2D91112C70}"
EndProject
Project("{2150E333-8FDC-42A3-9474-1A3956D46DE8}") = "ArchiveProj", "ArchiveProj", "{E53F18D9-F465-46C6-AF5E-CB69167D75FF}"
EndProject
Project("{9A19103F-16F7-4668-BE54-9A1E7A4F7556}") = "AccessControl", "ArchiveProj\AccessControl\AccessControl.csproj", "{D0C4C66F-F99A-4A16-BBCD-5F5544A71A94}"
EndProject
Project("{9A19103F-16F7-4668-BE54-9A1E7A4F7556}") = "DummyResource", "ArchiveProj\DummyClient\DummyResource.csproj", "{52F6EDED-AC98-4DAB-80AB-B28CA37B0CA5}"
EndProject
Project("{9A19103F-16F7-4668-BE54-9A1E7A4F7556}") = "StratechExample", "ArchiveProj\StratechExample\StratechExample.csproj", "{AC3A957F-9096-4887-9DBA-FEBF9986700F}"
EndProject
Project("{2150E333-8FDC-42A3-9474-1A3956D46DE8}") = "Tests", "Tests", "{3A7ECB61-535C-4F9F-9F50-7A51872E2D48}"
EndProject
Project("{2150E333-8FDC-42A3-9474-1A3956D46DE8}") = "Shared", "Shared", "{0C92EB61-E204-4A15-8EB1-E97CB861A2DF}"
EndProject
Project("{9A19103F-16F7-4668-BE54-9A1E7A4F7556}") = "Tests", "Tests\Tests.csproj", "{F09F7CAD-C2AA-4EDE-AF1E-D44B6F32E29D}"
EndProject
Project("{FAE04EC0-301F-11D3-BF4B-00C04F79EFBC}") = "AccessControl.Identity", "src\AccessControl.Identity\AccessControl.Identity.csproj", "{98F06091-BDEF-4A03-A86E-9B06D744ACEA}"
EndProject
Global
	GlobalSection(SolutionConfigurationPlatforms) = preSolution
		Debug|Any CPU = Debug|Any CPU
		Debug|x64 = Debug|x64
		Debug|x86 = Debug|x86
		Release|Any CPU = Release|Any CPU
		Release|x64 = Release|x64
		Release|x86 = Release|x86
	EndGlobalSection
	GlobalSection(ProjectConfigurationPlatforms) = postSolution
		{D12360D6-B949-4CAF-956E-D427941A9152}.Debug|Any CPU.ActiveCfg = Debug|Any CPU
		{D12360D6-B949-4CAF-956E-D427941A9152}.Debug|Any CPU.Build.0 = Debug|Any CPU
		{D12360D6-B949-4CAF-956E-D427941A9152}.Debug|x64.ActiveCfg = Debug|x64
		{D12360D6-B949-4CAF-956E-D427941A9152}.Debug|x64.Build.0 = Debug|x64
		{D12360D6-B949-4CAF-956E-D427941A9152}.Debug|x86.ActiveCfg = Debug|x86
		{D12360D6-B949-4CAF-956E-D427941A9152}.Debug|x86.Build.0 = Debug|x86
		{D12360D6-B949-4CAF-956E-D427941A9152}.Release|Any CPU.ActiveCfg = Release|Any CPU
		{D12360D6-B949-4CAF-956E-D427941A9152}.Release|Any CPU.Build.0 = Release|Any CPU
		{D12360D6-B949-4CAF-956E-D427941A9152}.Release|x64.ActiveCfg = Release|x64
		{D12360D6-B949-4CAF-956E-D427941A9152}.Release|x64.Build.0 = Release|x64
		{D12360D6-B949-4CAF-956E-D427941A9152}.Release|x86.ActiveCfg = Release|x86
		{D12360D6-B949-4CAF-956E-D427941A9152}.Release|x86.Build.0 = Release|x86
		{9893A9F9-999E-494C-885F-EB60B82FBB4E}.Debug|Any CPU.ActiveCfg = Debug|Any CPU
		{9893A9F9-999E-494C-885F-EB60B82FBB4E}.Debug|Any CPU.Build.0 = Debug|Any CPU
		{9893A9F9-999E-494C-885F-EB60B82FBB4E}.Debug|x64.ActiveCfg = Debug|x64
		{9893A9F9-999E-494C-885F-EB60B82FBB4E}.Debug|x64.Build.0 = Debug|x64
		{9893A9F9-999E-494C-885F-EB60B82FBB4E}.Debug|x86.ActiveCfg = Debug|x86
		{9893A9F9-999E-494C-885F-EB60B82FBB4E}.Debug|x86.Build.0 = Debug|x86
		{9893A9F9-999E-494C-885F-EB60B82FBB4E}.Release|Any CPU.ActiveCfg = Release|Any CPU
		{9893A9F9-999E-494C-885F-EB60B82FBB4E}.Release|Any CPU.Build.0 = Release|Any CPU
		{9893A9F9-999E-494C-885F-EB60B82FBB4E}.Release|x64.ActiveCfg = Release|x64
		{9893A9F9-999E-494C-885F-EB60B82FBB4E}.Release|x64.Build.0 = Release|x64
		{9893A9F9-999E-494C-885F-EB60B82FBB4E}.Release|x86.ActiveCfg = Release|x86
		{9893A9F9-999E-494C-885F-EB60B82FBB4E}.Release|x86.Build.0 = Release|x86
		{E4D15666-EDBC-4BAC-8240-28F04B9F11FD}.Debug|Any CPU.ActiveCfg = Debug|Any CPU
		{E4D15666-EDBC-4BAC-8240-28F04B9F11FD}.Debug|Any CPU.Build.0 = Debug|Any CPU
		{E4D15666-EDBC-4BAC-8240-28F04B9F11FD}.Debug|x64.ActiveCfg = Debug|x64
		{E4D15666-EDBC-4BAC-8240-28F04B9F11FD}.Debug|x64.Build.0 = Debug|x64
		{E4D15666-EDBC-4BAC-8240-28F04B9F11FD}.Debug|x86.ActiveCfg = Debug|x86
		{E4D15666-EDBC-4BAC-8240-28F04B9F11FD}.Debug|x86.Build.0 = Debug|x86
		{E4D15666-EDBC-4BAC-8240-28F04B9F11FD}.Release|Any CPU.ActiveCfg = Release|Any CPU
		{E4D15666-EDBC-4BAC-8240-28F04B9F11FD}.Release|Any CPU.Build.0 = Release|Any CPU
		{E4D15666-EDBC-4BAC-8240-28F04B9F11FD}.Release|x64.ActiveCfg = Release|x64
		{E4D15666-EDBC-4BAC-8240-28F04B9F11FD}.Release|x64.Build.0 = Release|x64
		{E4D15666-EDBC-4BAC-8240-28F04B9F11FD}.Release|x86.ActiveCfg = Release|x86
		{E4D15666-EDBC-4BAC-8240-28F04B9F11FD}.Release|x86.Build.0 = Release|x86
		{49A18646-8508-4A94-BB9F-9735A90B1079}.Debug|Any CPU.ActiveCfg = Debug|Any CPU
		{49A18646-8508-4A94-BB9F-9735A90B1079}.Debug|Any CPU.Build.0 = Debug|Any CPU
		{49A18646-8508-4A94-BB9F-9735A90B1079}.Debug|x64.ActiveCfg = Debug|x64
		{49A18646-8508-4A94-BB9F-9735A90B1079}.Debug|x64.Build.0 = Debug|x64
		{49A18646-8508-4A94-BB9F-9735A90B1079}.Debug|x86.ActiveCfg = Debug|x86
		{49A18646-8508-4A94-BB9F-9735A90B1079}.Debug|x86.Build.0 = Debug|x86
		{49A18646-8508-4A94-BB9F-9735A90B1079}.Release|Any CPU.ActiveCfg = Release|Any CPU
		{49A18646-8508-4A94-BB9F-9735A90B1079}.Release|Any CPU.Build.0 = Release|Any CPU
		{49A18646-8508-4A94-BB9F-9735A90B1079}.Release|x64.ActiveCfg = Release|x64
		{49A18646-8508-4A94-BB9F-9735A90B1079}.Release|x64.Build.0 = Release|x64
		{49A18646-8508-4A94-BB9F-9735A90B1079}.Release|x86.ActiveCfg = Release|x86
		{49A18646-8508-4A94-BB9F-9735A90B1079}.Release|x86.Build.0 = Release|x86
		{E85E7F3B-B86F-4700-8325-BF2D91112C70}.Debug|Any CPU.ActiveCfg = Debug|Any CPU
		{E85E7F3B-B86F-4700-8325-BF2D91112C70}.Debug|Any CPU.Build.0 = Debug|Any CPU
		{E85E7F3B-B86F-4700-8325-BF2D91112C70}.Debug|x64.ActiveCfg = Debug|x64
		{E85E7F3B-B86F-4700-8325-BF2D91112C70}.Debug|x64.Build.0 = Debug|x64
		{E85E7F3B-B86F-4700-8325-BF2D91112C70}.Debug|x86.ActiveCfg = Debug|x86
		{E85E7F3B-B86F-4700-8325-BF2D91112C70}.Debug|x86.Build.0 = Debug|x86
		{E85E7F3B-B86F-4700-8325-BF2D91112C70}.Release|Any CPU.ActiveCfg = Release|Any CPU
		{E85E7F3B-B86F-4700-8325-BF2D91112C70}.Release|Any CPU.Build.0 = Release|Any CPU
		{E85E7F3B-B86F-4700-8325-BF2D91112C70}.Release|x64.ActiveCfg = Release|x64
		{E85E7F3B-B86F-4700-8325-BF2D91112C70}.Release|x64.Build.0 = Release|x64
		{E85E7F3B-B86F-4700-8325-BF2D91112C70}.Release|x86.ActiveCfg = Release|x86
		{E85E7F3B-B86F-4700-8325-BF2D91112C70}.Release|x86.Build.0 = Release|x86
		{D0C4C66F-F99A-4A16-BBCD-5F5544A71A94}.Debug|Any CPU.ActiveCfg = Debug|Any CPU
		{D0C4C66F-F99A-4A16-BBCD-5F5544A71A94}.Debug|Any CPU.Build.0 = Debug|Any CPU
		{D0C4C66F-F99A-4A16-BBCD-5F5544A71A94}.Debug|x64.ActiveCfg = Debug|x64
		{D0C4C66F-F99A-4A16-BBCD-5F5544A71A94}.Debug|x64.Build.0 = Debug|x64
		{D0C4C66F-F99A-4A16-BBCD-5F5544A71A94}.Debug|x86.ActiveCfg = Debug|x86
		{D0C4C66F-F99A-4A16-BBCD-5F5544A71A94}.Debug|x86.Build.0 = Debug|x86
		{D0C4C66F-F99A-4A16-BBCD-5F5544A71A94}.Release|Any CPU.ActiveCfg = Release|Any CPU
		{D0C4C66F-F99A-4A16-BBCD-5F5544A71A94}.Release|Any CPU.Build.0 = Release|Any CPU
		{D0C4C66F-F99A-4A16-BBCD-5F5544A71A94}.Release|x64.ActiveCfg = Release|x64
		{D0C4C66F-F99A-4A16-BBCD-5F5544A71A94}.Release|x64.Build.0 = Release|x64
		{D0C4C66F-F99A-4A16-BBCD-5F5544A71A94}.Release|x86.ActiveCfg = Release|x86
		{D0C4C66F-F99A-4A16-BBCD-5F5544A71A94}.Release|x86.Build.0 = Release|x86
		{52F6EDED-AC98-4DAB-80AB-B28CA37B0CA5}.Debug|Any CPU.ActiveCfg = Debug|Any CPU
		{52F6EDED-AC98-4DAB-80AB-B28CA37B0CA5}.Debug|Any CPU.Build.0 = Debug|Any CPU
		{52F6EDED-AC98-4DAB-80AB-B28CA37B0CA5}.Debug|x64.ActiveCfg = Debug|x64
		{52F6EDED-AC98-4DAB-80AB-B28CA37B0CA5}.Debug|x64.Build.0 = Debug|x64
		{52F6EDED-AC98-4DAB-80AB-B28CA37B0CA5}.Debug|x86.ActiveCfg = Debug|x86
		{52F6EDED-AC98-4DAB-80AB-B28CA37B0CA5}.Debug|x86.Build.0 = Debug|x86
		{52F6EDED-AC98-4DAB-80AB-B28CA37B0CA5}.Release|Any CPU.ActiveCfg = Release|Any CPU
		{52F6EDED-AC98-4DAB-80AB-B28CA37B0CA5}.Release|Any CPU.Build.0 = Release|Any CPU
		{52F6EDED-AC98-4DAB-80AB-B28CA37B0CA5}.Release|x64.ActiveCfg = Release|x64
		{52F6EDED-AC98-4DAB-80AB-B28CA37B0CA5}.Release|x64.Build.0 = Release|x64
		{52F6EDED-AC98-4DAB-80AB-B28CA37B0CA5}.Release|x86.ActiveCfg = Release|x86
		{52F6EDED-AC98-4DAB-80AB-B28CA37B0CA5}.Release|x86.Build.0 = Release|x86
		{AC3A957F-9096-4887-9DBA-FEBF9986700F}.Debug|Any CPU.ActiveCfg = Debug|Any CPU
		{AC3A957F-9096-4887-9DBA-FEBF9986700F}.Debug|Any CPU.Build.0 = Debug|Any CPU
		{AC3A957F-9096-4887-9DBA-FEBF9986700F}.Debug|x64.ActiveCfg = Debug|x64
		{AC3A957F-9096-4887-9DBA-FEBF9986700F}.Debug|x64.Build.0 = Debug|x64
		{AC3A957F-9096-4887-9DBA-FEBF9986700F}.Debug|x86.ActiveCfg = Debug|x86
		{AC3A957F-9096-4887-9DBA-FEBF9986700F}.Debug|x86.Build.0 = Debug|x86
		{AC3A957F-9096-4887-9DBA-FEBF9986700F}.Release|Any CPU.ActiveCfg = Release|Any CPU
		{AC3A957F-9096-4887-9DBA-FEBF9986700F}.Release|Any CPU.Build.0 = Release|Any CPU
		{AC3A957F-9096-4887-9DBA-FEBF9986700F}.Release|x64.ActiveCfg = Release|x64
		{AC3A957F-9096-4887-9DBA-FEBF9986700F}.Release|x64.Build.0 = Release|x64
		{AC3A957F-9096-4887-9DBA-FEBF9986700F}.Release|x86.ActiveCfg = Release|x86
		{AC3A957F-9096-4887-9DBA-FEBF9986700F}.Release|x86.Build.0 = Release|x86
		{F09F7CAD-C2AA-4EDE-AF1E-D44B6F32E29D}.Debug|Any CPU.ActiveCfg = Debug|Any CPU
		{F09F7CAD-C2AA-4EDE-AF1E-D44B6F32E29D}.Debug|Any CPU.Build.0 = Debug|Any CPU
		{F09F7CAD-C2AA-4EDE-AF1E-D44B6F32E29D}.Debug|x64.ActiveCfg = Debug|x64
		{F09F7CAD-C2AA-4EDE-AF1E-D44B6F32E29D}.Debug|x64.Build.0 = Debug|x64
		{F09F7CAD-C2AA-4EDE-AF1E-D44B6F32E29D}.Debug|x86.ActiveCfg = Debug|x86
		{F09F7CAD-C2AA-4EDE-AF1E-D44B6F32E29D}.Debug|x86.Build.0 = Debug|x86
		{F09F7CAD-C2AA-4EDE-AF1E-D44B6F32E29D}.Release|Any CPU.ActiveCfg = Release|Any CPU
		{F09F7CAD-C2AA-4EDE-AF1E-D44B6F32E29D}.Release|Any CPU.Build.0 = Release|Any CPU
		{F09F7CAD-C2AA-4EDE-AF1E-D44B6F32E29D}.Release|x64.ActiveCfg = Release|x64
		{F09F7CAD-C2AA-4EDE-AF1E-D44B6F32E29D}.Release|x64.Build.0 = Release|x64
		{F09F7CAD-C2AA-4EDE-AF1E-D44B6F32E29D}.Release|x86.ActiveCfg = Release|x86
		{F09F7CAD-C2AA-4EDE-AF1E-D44B6F32E29D}.Release|x86.Build.0 = Release|x86
		{98F06091-BDEF-4A03-A86E-9B06D744ACEA}.Debug|Any CPU.ActiveCfg = Debug|Any CPU
		{98F06091-BDEF-4A03-A86E-9B06D744ACEA}.Debug|Any CPU.Build.0 = Debug|Any CPU
		{98F06091-BDEF-4A03-A86E-9B06D744ACEA}.Debug|x64.ActiveCfg = Debug|x64
		{98F06091-BDEF-4A03-A86E-9B06D744ACEA}.Debug|x64.Build.0 = Debug|x64
		{98F06091-BDEF-4A03-A86E-9B06D744ACEA}.Debug|x86.ActiveCfg = Debug|x86
		{98F06091-BDEF-4A03-A86E-9B06D744ACEA}.Debug|x86.Build.0 = Debug|x86
		{98F06091-BDEF-4A03-A86E-9B06D744ACEA}.Release|Any CPU.ActiveCfg = Release|Any CPU
		{98F06091-BDEF-4A03-A86E-9B06D744ACEA}.Release|Any CPU.Build.0 = Release|Any CPU
		{98F06091-BDEF-4A03-A86E-9B06D744ACEA}.Release|x64.ActiveCfg = Release|x64
		{98F06091-BDEF-4A03-A86E-9B06D744ACEA}.Release|x64.Build.0 = Release|x64
		{98F06091-BDEF-4A03-A86E-9B06D744ACEA}.Release|x86.ActiveCfg = Release|x86
		{98F06091-BDEF-4A03-A86E-9B06D744ACEA}.Release|x86.Build.0 = Release|x86
	EndGlobalSection
	GlobalSection(SolutionProperties) = preSolution
		HideSolutionNode = FALSE
	EndGlobalSection
	GlobalSection(NestedProjects) = preSolution
		{D12360D6-B949-4CAF-956E-D427941A9152} = {D1D6B305-0B50-4B4E-9427-693FC27AA13D}
		{D8805F44-52D0-4C48-9708-F1926FB52574} = {491D7E3E-5B30-4AFB-ADF1-F878C0B1D158}
		{D1D6B305-0B50-4B4E-9427-693FC27AA13D} = {D8805F44-52D0-4C48-9708-F1926FB52574}
		{8F13A0D4-2B22-44AC-924F-0B045E1152E0} = {D8805F44-52D0-4C48-9708-F1926FB52574}
		{9893A9F9-999E-494C-885F-EB60B82FBB4E} = {8F13A0D4-2B22-44AC-924F-0B045E1152E0}
		{E4D15666-EDBC-4BAC-8240-28F04B9F11FD} = {8F13A0D4-2B22-44AC-924F-0B045E1152E0}
		{7CC05226-DF93-4E68-A9D3-B2FB67052E40} = {D8805F44-52D0-4C48-9708-F1926FB52574}
		{3508CF1E-BB22-4271-A505-AFBD8D277A48} = {491D7E3E-5B30-4AFB-ADF1-F878C0B1D158}
		{49A18646-8508-4A94-BB9F-9735A90B1079} = {3508CF1E-BB22-4271-A505-AFBD8D277A48}
		{E85E7F3B-B86F-4700-8325-BF2D91112C70} = {7CC05226-DF93-4E68-A9D3-B2FB67052E40}
		{D0C4C66F-F99A-4A16-BBCD-5F5544A71A94} = {E53F18D9-F465-46C6-AF5E-CB69167D75FF}
		{52F6EDED-AC98-4DAB-80AB-B28CA37B0CA5} = {E53F18D9-F465-46C6-AF5E-CB69167D75FF}
		{AC3A957F-9096-4887-9DBA-FEBF9986700F} = {E53F18D9-F465-46C6-AF5E-CB69167D75FF}
		{3A7ECB61-535C-4F9F-9F50-7A51872E2D48} = {491D7E3E-5B30-4AFB-ADF1-F878C0B1D158}
		{0C92EB61-E204-4A15-8EB1-E97CB861A2DF} = {3A7ECB61-535C-4F9F-9F50-7A51872E2D48}
		{F09F7CAD-C2AA-4EDE-AF1E-D44B6F32E29D} = {0C92EB61-E204-4A15-8EB1-E97CB861A2DF}
		{98F06091-BDEF-4A03-A86E-9B06D744ACEA} = {D1D6B305-0B50-4B4E-9427-693FC27AA13D}
	EndGlobalSection
EndGlobal
